// !$*UTF8*$!
{
	archiveVersion = 1;
	classes = {
	};
	objectVersion = 77;
	objects = {

/* Begin PBXBuildFile section */
		13A18C607EDF1EA37EC2B371 /* DeepNoteShareExtension.appex in Embed App Extensions */ = {isa = PBXBuildFile; fileRef = 2F70649C0729AE1E0A76EBBF /* DeepNoteShareExtension.appex */; settings = {ATTRIBUTES = (CodeSignOnCopy, RemoveHeadersOnCopy, ); }; };
		4F1A5D3E7C1B9A6E12345678 /* FFmpeg-Kit in Embed Frameworks */ = {isa = PBXBuildFile; productRef = 6066E0213E7FDCF0EE6D83AC /* FFmpeg-Kit */; settings = {ATTRIBUTES = (CodeSignOnCopy, RemoveHeadersOnCopy, ); }; };
		6F372D56CCDA2738D8139F1D /* ShareViewController.swift in Sources */ = {isa = PBXBuildFile; fileRef = 508EE3B030DDF8AB1CABAD53 /* ShareViewController.swift */; };
		9CE758C7579055EBAFA1DE62 /* FFmpeg-Kit in Frameworks */ = {isa = PBXBuildFile; productRef = 6066E0213E7FDCF0EE6D83AC /* FFmpeg-Kit */; };
		C33DD31D2EFD8FDA003384B1 /* Nuke in Frameworks */ = {isa = PBXBuildFile; productRef = C33DD31C2EFD8FDA003384B1 /* Nuke */; };
		C33DD3202EFD9077003384B1 /* Lottie in Frameworks */ = {isa = PBXBuildFile; productRef = C33DD31F2EFD9077003384B1 /* Lottie */; };
		C33DD3232EFD90BD003384B1 /* SwiftUIX in Frameworks */ = {isa = PBXBuildFile; productRef = C33DD3222EFD90BD003384B1 /* SwiftUIX */; };
		C33DD3252EFD90C1003384B1 /* Orbit in Frameworks */ = {isa = PBXBuildFile; productRef = C33DD3242EFD90C0003384B1 /* Orbit */; };
		C33DD3272EFD90C3003384B1 /* NukeUI in Frameworks */ = {isa = PBXBuildFile; productRef = C33DD3262EFD90C2003384B1 /* NukeUI */; };
		C33DEAA12F0076C5003384B1 /* onnxruntime.xcframework in Frameworks */ = {isa = PBXBuildFile; fileRef = C33DEA9F2F0076C5003384B1 /* onnxruntime.xcframework */; };
		C33DEAA22F0076C5003384B1 /* sherpa-onnx.xcframework in Frameworks */ = {isa = PBXBuildFile; fileRef = C33DEAA02F0076C5003384B1 /* sherpa-onnx.xcframework */; };
		C3A44D4F2EDE334800B23705 /* FirebaseAuth in Frameworks */ = {isa = PBXBuildFile; productRef = C3A44D4E2EDE334800B23705 /* FirebaseAuth */; };
		C3A44D512EDE334800B23705 /* FirebaseCore in Frameworks */ = {isa = PBXBuildFile; productRef = C3A44D502EDE334800B23705 /* FirebaseCore */; };
		C3A44D532EDE334800B23705 /* FirebaseFirestore in Frameworks */ = {isa = PBXBuildFile; productRef = C3A44D522EDE334800B23705 /* FirebaseFirestore */; };
		C3A44D602EE0A00000B23705 /* GoogleSignIn in Frameworks */ = {isa = PBXBuildFile; productRef = C3A44D622EE0A00000B23705 /* GoogleSignIn */; };
		C3A44D612EE0A00000B23705 /* GoogleSignInSwift in Frameworks */ = {isa = PBXBuildFile; productRef = C3A44D632EE0A00000B23705 /* GoogleSignInSwift */; };
		C3A44DA22EE0C05000B23705 /* ClassnoteXUITests.swift in Sources */ = {isa = PBXBuildFile; fileRef = C3A44DA12EE0C05000B23705 /* ClassnoteXUITests.swift */; };
		C7B11D0C2F2E9C5F00B12345 /* LineSDK in Frameworks */ = {isa = PBXBuildFile; productRef = C7B11D0B2F2E9C5F00B12345 /* LineSDK */; };
/* End PBXBuildFile section */

/* Begin PBXContainerItemProxy section */
		C3A44DA92EE0C05000B23705 /* PBXContainerItemProxy */ = {
			isa = PBXContainerItemProxy;
			containerPortal = C3A44D0D2EDC7DA100B23705 /* Project object */;
			proxyType = 1;
			remoteGlobalIDString = C3A44D142EDC7DA100B23705;
			remoteInfo = ClassnoteX;
		};
/* End PBXContainerItemProxy section */

/* Begin PBXCopyFilesBuildPhase section */
		C33DD6072EFE100000000008 /* Embed Frameworks */ = {
			isa = PBXCopyFilesBuildPhase;
			buildActionMask = 2147483647;
			dstPath = "";
			dstSubfolderSpec = 10;
			files = (
				4F1A5D3E7C1B9A6E12345678 /* FFmpeg-Kit in Embed Frameworks */,
			);
			name = "Embed Frameworks";
			runOnlyForDeploymentPostprocessing = 0;
		};
		C33DE3242EFEE5EB003384B1 /* Embed Foundation Extensions */ = {
			isa = PBXCopyFilesBuildPhase;
			buildActionMask = 2147483647;
			dstPath = "";
			dstSubfolderSpec = 13;
			files = (
			);
			name = "Embed Foundation Extensions";
			runOnlyForDeploymentPostprocessing = 0;
		};
		F3EA4E9379E550FAEDC6273E /* Embed App Extensions */ = {
			isa = PBXCopyFilesBuildPhase;
			buildActionMask = 2147483647;
			dstPath = "";
			dstSubfolderSpec = 13;
			files = (
				13A18C607EDF1EA37EC2B371 /* DeepNoteShareExtension.appex in Embed App Extensions */,
			);
			name = "Embed App Extensions";
			runOnlyForDeploymentPostprocessing = 0;
		};
/* End PBXCopyFilesBuildPhase section */

/* Begin PBXFileReference section */
		2F70649C0729AE1E0A76EBBF /* DeepNoteShareExtension.appex */ = {isa = PBXFileReference; explicitFileType = "wrapper.app-extension"; includeInIndex = 0; path = DeepNoteShareExtension.appex; sourceTree = BUILT_PRODUCTS_DIR; };
		508EE3B030DDF8AB1CABAD53 /* ShareViewController.swift */ = {isa = PBXFileReference; lastKnownFileType = sourcecode.swift; path = ShareViewController.swift; sourceTree = "<group>"; };
		5AADDD014EAEBB9F563BED91 /* DeepNoteShareExtension.entitlements */ = {isa = PBXFileReference; lastKnownFileType = text.plist.entitlements; path = DeepNoteShareExtension.entitlements; sourceTree = "<group>"; };
		C33DE30B2EFEE5EA003384B1 /* WidgetKit.framework */ = {isa = PBXFileReference; lastKnownFileType = wrapper.framework; name = WidgetKit.framework; path = System/Library/Frameworks/WidgetKit.framework; sourceTree = SDKROOT; };
		C33DE30D2EFEE5EA003384B1 /* SwiftUI.framework */ = {isa = PBXFileReference; lastKnownFileType = wrapper.framework; name = SwiftUI.framework; path = System/Library/Frameworks/SwiftUI.framework; sourceTree = SDKROOT; };
		C33DEA9F2F0076C5003384B1 /* onnxruntime.xcframework */ = {isa = PBXFileReference; lastKnownFileType = wrapper.xcframework; name = onnxruntime.xcframework; path = Frameworks/onnxruntime.xcframework; sourceTree = "<group>"; };
		C33DEAA02F0076C5003384B1 /* sherpa-onnx.xcframework */ = {isa = PBXFileReference; lastKnownFileType = wrapper.xcframework; name = "sherpa-onnx.xcframework"; path = "Frameworks/sherpa-onnx.xcframework"; sourceTree = "<group>"; };
		C3A44D152EDC7DA100B23705 /* ClassnoteX.app */ = {isa = PBXFileReference; explicitFileType = wrapper.application; includeInIndex = 0; path = ClassnoteX.app; sourceTree = BUILT_PRODUCTS_DIR; };
		C3A44D842EE0B6A700B23705 /* ClassnoteX/GoogleService-Info.plist */ = {isa = PBXFileReference; lastKnownFileType = text.plist.xml; path = "ClassnoteX/GoogleService-Info.plist"; sourceTree = "<group>"; };
		C3A44DA12EE0C05000B23705 /* ClassnoteXUITests.swift */ = {isa = PBXFileReference; lastKnownFileType = sourcecode.swift; path = ClassnoteXUITests.swift; sourceTree = "<group>"; };
		C3A44DA32EE0C05000B23705 /* ClassnoteXUITests.xctest */ = {isa = PBXFileReference; explicitFileType = wrapper.cfbundle; includeInIndex = 0; path = ClassnoteXUITests.xctest; sourceTree = BUILT_PRODUCTS_DIR; };
		C3A44DA42EE0C05000B23705 /* Info.plist */ = {isa = PBXFileReference; lastKnownFileType = text.plist.xml; path = Info.plist; sourceTree = "<group>"; };
		C3F0A1A12F01000100000001 /* ClassnoteX/Models/ASR/sherpa-onnx-zipformer-ja-reazonspeech-2024-08-01/decoder-epoch-99-avg-1.onnx */ = {isa = PBXFileReference; lastKnownFileType = file; path = "ClassnoteX/Models/ASR/sherpa-onnx-zipformer-ja-reazonspeech-2024-08-01/decoder-epoch-99-avg-1.onnx"; sourceTree = "<group>"; };
		C3F0A1A12F01000100000002 /* ClassnoteX/Models/ASR/sherpa-onnx-zipformer-ja-reazonspeech-2024-08-01/encoder-epoch-99-avg-1.int8.onnx */ = {isa = PBXFileReference; lastKnownFileType = file; path = "ClassnoteX/Models/ASR/sherpa-onnx-zipformer-ja-reazonspeech-2024-08-01/encoder-epoch-99-avg-1.int8.onnx"; sourceTree = "<group>"; };
		C3F0A1A12F01000100000003 /* ClassnoteX/Models/ASR/sherpa-onnx-zipformer-ja-reazonspeech-2024-08-01/joiner-epoch-99-avg-1.int8.onnx */ = {isa = PBXFileReference; lastKnownFileType = text; path = "ClassnoteX/Models/ASR/sherpa-onnx-zipformer-ja-reazonspeech-2024-08-01/joiner-epoch-99-avg-1.int8.onnx"; sourceTree = "<group>"; };
		C3F0A1A12F01000100000004 /* ClassnoteX/Models/ASR/sherpa-onnx-zipformer-ja-reazonspeech-2024-08-01/tokens.txt */ = {isa = PBXFileReference; lastKnownFileType = text; path = "ClassnoteX/Models/ASR/sherpa-onnx-zipformer-ja-reazonspeech-2024-08-01/tokens.txt"; sourceTree = "<group>"; };
		F228B9099730FA3964578B8B /* Info.plist */ = {isa = PBXFileReference; lastKnownFileType = text.plist.xml; path = Info.plist; sourceTree = "<group>"; };
/* End PBXFileReference section */

/* Begin PBXFileSystemSynchronizedBuildFileExceptionSet section */
		C3A44D812EE0B30100B23705 /* Exceptions for "ClassnoteX" folder in "ClassnoteX" target */ = {
			isa = PBXFileSystemSynchronizedBuildFileExceptionSet;
			membershipExceptions = (
				Info.plist,
			);
			target = C3A44D142EDC7DA100B23705 /* ClassnoteX */;
		};
/* End PBXFileSystemSynchronizedBuildFileExceptionSet section */

/* Begin PBXFileSystemSynchronizedRootGroup section */
		C3A44D172EDC7DA100B23705 /* ClassnoteX */ = {
			isa = PBXFileSystemSynchronizedRootGroup;
			exceptions = (
				C3A44D812EE0B30100B23705 /* Exceptions for "ClassnoteX" folder in "ClassnoteX" target */,
			);
			path = ClassnoteX;
			sourceTree = "<group>";
		};
/* End PBXFileSystemSynchronizedRootGroup section */

/* Begin PBXFrameworksBuildPhase section */
		C3A44D122EDC7DA100B23705 /* Frameworks */ = {
			isa = PBXFrameworksBuildPhase;
			buildActionMask = 2147483647;
			files = (
				9CE758C7579055EBAFA1DE62 /* FFmpeg-Kit in Frameworks */,
				C3A44D602EE0A00000B23705 /* GoogleSignIn in Frameworks */,
				C33DD3202EFD9077003384B1 /* Lottie in Frameworks */,
				C3A44D512EDE334800B23705 /* FirebaseCore in Frameworks */,
				C33DD3232EFD90BD003384B1 /* SwiftUIX in Frameworks */,
				C3A44D4F2EDE334800B23705 /* FirebaseAuth in Frameworks */,
				C33DD31D2EFD8FDA003384B1 /* Nuke in Frameworks */,
				C33DD3272EFD90C3003384B1 /* NukeUI in Frameworks */,
				C3A44D532EDE334800B23705 /* FirebaseFirestore in Frameworks */,
				C33DEAA12F0076C5003384B1 /* onnxruntime.xcframework in Frameworks */,
				C33DEAA22F0076C5003384B1 /* sherpa-onnx.xcframework in Frameworks */,
				C3A44D612EE0A00000B23705 /* GoogleSignInSwift in Frameworks */,
				C7B11D0C2F2E9C5F00B12345 /* LineSDK in Frameworks */,
				C33DD3252EFD90C1003384B1 /* Orbit in Frameworks */,
			);
			runOnlyForDeploymentPostprocessing = 0;
		};
		C3A44DA72EE0C05000B23705 /* Frameworks */ = {
			isa = PBXFrameworksBuildPhase;
			buildActionMask = 2147483647;
			files = (
			);
			runOnlyForDeploymentPostprocessing = 0;
		};
		C708BE18D2A8ADD37641EDC8 /* Frameworks */ = {
			isa = PBXFrameworksBuildPhase;
			buildActionMask = 2147483647;
			files = (
			);
			runOnlyForDeploymentPostprocessing = 0;
		};
/* End PBXFrameworksBuildPhase section */

/* Begin PBXGroup section */
		C33DD6022EFE100000000003 /* Frameworks */ = {
			isa = PBXGroup;
			children = (
				C33DE30B2EFEE5EA003384B1 /* WidgetKit.framework */,
				C33DE30D2EFEE5EA003384B1 /* SwiftUI.framework */,
			);
			name = Frameworks;
			sourceTree = "<group>";
		};
		C33DE4D72EFEF3D5003384B1 /* Recovered References */ = {
			isa = PBXGroup;
			children = (
				C3F0A1A12F01000100000001 /* ClassnoteX/Models/ASR/sherpa-onnx-zipformer-ja-reazonspeech-2024-08-01/decoder-epoch-99-avg-1.onnx */,
				C3F0A1A12F01000100000002 /* ClassnoteX/Models/ASR/sherpa-onnx-zipformer-ja-reazonspeech-2024-08-01/encoder-epoch-99-avg-1.int8.onnx */,
				C3F0A1A12F01000100000003 /* ClassnoteX/Models/ASR/sherpa-onnx-zipformer-ja-reazonspeech-2024-08-01/joiner-epoch-99-avg-1.int8.onnx */,
				C3F0A1A12F01000100000004 /* ClassnoteX/Models/ASR/sherpa-onnx-zipformer-ja-reazonspeech-2024-08-01/tokens.txt */,
			);
			name = "Recovered References";
			sourceTree = "<group>";
		};
		C3A44D0C2EDC7DA100B23705 = {
			isa = PBXGroup;
			children = (
				C3A44D172EDC7DA100B23705 /* ClassnoteX */,
				EE9F8C6F3B97691087A02385 /* DeepNoteShareExtension */,
				C3A44D162EDC7DA100B23705 /* Products */,
				C3A44D842EE0B6A700B23705 /* ClassnoteX/GoogleService-Info.plist */,
				C3A44DA52EE0C05000B23705 /* ClassnoteXUITests */,
				C33DD6022EFE100000000003 /* Frameworks */,
				C33DE4D72EFEF3D5003384B1 /* Recovered References */,
				C33DEA9F2F0076C5003384B1 /* onnxruntime.xcframework */,
				C33DEAA02F0076C5003384B1 /* sherpa-onnx.xcframework */,
			);
			sourceTree = "<group>";
		};
		C3A44D162EDC7DA100B23705 /* Products */ = {
			isa = PBXGroup;
			children = (
				C3A44D152EDC7DA100B23705 /* ClassnoteX.app */,
				2F70649C0729AE1E0A76EBBF /* DeepNoteShareExtension.appex */,
				C3A44DA32EE0C05000B23705 /* ClassnoteXUITests.xctest */,
			);
			name = Products;
			sourceTree = "<group>";
		};
		C3A44DA52EE0C05000B23705 /* ClassnoteXUITests */ = {
			isa = PBXGroup;
			children = (
				C3A44DA12EE0C05000B23705 /* ClassnoteXUITests.swift */,
				C3A44DA42EE0C05000B23705 /* Info.plist */,
			);
			path = ClassnoteXUITests;
			sourceTree = "<group>";
		};
		EE9F8C6F3B97691087A02385 /* DeepNoteShareExtension */ = {
			isa = PBXGroup;
			children = (
				508EE3B030DDF8AB1CABAD53 /* ShareViewController.swift */,
				F228B9099730FA3964578B8B /* Info.plist */,
				5AADDD014EAEBB9F563BED91 /* DeepNoteShareExtension.entitlements */,
			);
			path = DeepNoteShareExtension;
			sourceTree = "<group>";
		};
/* End PBXGroup section */

/* Begin PBXNativeTarget section */
		09771A209CE7B45DDB9A313C /* DeepNoteShareExtension */ = {
			isa = PBXNativeTarget;
			buildConfigurationList = 604788DAAD08AAC1ABBF505C /* Build configuration list for PBXNativeTarget "DeepNoteShareExtension" */;
			buildPhases = (
				CA66294E1363F8AD0F83BDD5 /* Sources */,
				C708BE18D2A8ADD37641EDC8 /* Frameworks */,
				0189BE72132E92EDC559DDE7 /* Resources */,
			);
			buildRules = (
			);
			dependencies = (
			);
			name = DeepNoteShareExtension;
			productName = DeepNoteShareExtension;
			productReference = 2F70649C0729AE1E0A76EBBF /* DeepNoteShareExtension.appex */;
			productType = "com.apple.product-type.app-extension";
		};
		C3A44D142EDC7DA100B23705 /* ClassnoteX */ = {
			isa = PBXNativeTarget;
			buildConfigurationList = C3A44D202EDC7DA200B23705 /* Build configuration list for PBXNativeTarget "ClassnoteX" */;
			buildPhases = (
				C3A44D112EDC7DA100B23705 /* Sources */,
				C3A44D122EDC7DA100B23705 /* Frameworks */,
				C3A44D132EDC7DA100B23705 /* Resources */,
				F3EA4E9379E550FAEDC6273E /* Embed App Extensions */,
				C33DD6072EFE100000000008 /* Embed Frameworks */,
				C33DE3242EFEE5EB003384B1 /* Embed Foundation Extensions */,
			);
			buildRules = (
			);
			dependencies = (
			);
			fileSystemSynchronizedGroups = (
				C3A44D172EDC7DA100B23705 /* ClassnoteX */,
			);
			name = ClassnoteX;
			packageProductDependencies = (
				6066E0213E7FDCF0EE6D83AC /* FFmpeg-Kit */,
				C3A44D4E2EDE334800B23705 /* FirebaseAuth */,
				C3A44D502EDE334800B23705 /* FirebaseCore */,
				C3A44D522EDE334800B23705 /* FirebaseFirestore */,
				C3A44D622EE0A00000B23705 /* GoogleSignIn */,
				C3A44D632EE0A00000B23705 /* GoogleSignInSwift */,
				C33DD31C2EFD8FDA003384B1 /* Nuke */,
				C33DD3262EFD90C2003384B1 /* NukeUI */,
				C33DD31F2EFD9077003384B1 /* Lottie */,
				C33DD3222EFD90BD003384B1 /* SwiftUIX */,
				C33DD3242EFD90C0003384B1 /* Orbit */,
				C7B11D0B2F2E9C5F00B12345 /* LineSDK */,
			);
			productName = ClassnoteX;
			productReference = C3A44D152EDC7DA100B23705 /* ClassnoteX.app */;
			productType = "com.apple.product-type.application";
		};
		C3A44DA62EE0C05000B23705 /* ClassnoteXUITests */ = {
			isa = PBXNativeTarget;
			buildConfigurationList = C3A44DAC2EE0C05000B23705 /* Build configuration list for PBXNativeTarget "ClassnoteXUITests" */;
			buildPhases = (
				C3A44DA72EE0C05000B23705 /* Frameworks */,
				C3A44DA82EE0C05000B23705 /* Sources */,
			);
			buildRules = (
			);
			dependencies = (
				C3A44DAA2EE0C05000B23705 /* PBXTargetDependency */,
			);
			name = ClassnoteXUITests;
			productName = ClassnoteXUITests;
			productReference = C3A44DA32EE0C05000B23705 /* ClassnoteXUITests.xctest */;
			productType = "com.apple.product-type.bundle.ui-testing";
		};
/* End PBXNativeTarget section */

/* Begin PBXProject section */
		C3A44D0D2EDC7DA100B23705 /* Project object */ = {
			isa = PBXProject;
			attributes = {
				BuildIndependentTargetsInParallel = 1;
				LastSwiftUpdateCheck = 2610;
				LastUpgradeCheck = 2610;
				TargetAttributes = {
					09771A209CE7B45DDB9A313C = {
						CreatedOnToolsVersion = 26.1.1;
					};
					C3A44D142EDC7DA100B23705 = {
						CreatedOnToolsVersion = 26.1.1;
					};
					C3A44DA62EE0C05000B23705 = {
						CreatedOnToolsVersion = 26.1.1;
						TestTargetID = C3A44D142EDC7DA100B23705;
					};
				};
			};
			buildConfigurationList = C3A44D102EDC7DA100B23705 /* Build configuration list for PBXProject "ClassnoteX" */;
			developmentRegion = en;
			hasScannedForEncodings = 0;
			knownRegions = (
				en,
				Base,
			);
			mainGroup = C3A44D0C2EDC7DA100B23705;
			minimizedProjectReferenceProxies = 1;
			packageReferences = (
				4876320962546B22D672C0A6 /* XCRemoteSwiftPackageReference "ffmpeg-kit-spm" */,
				C3A44D4D2EDE334800B23705 /* XCRemoteSwiftPackageReference "firebase-ios-sdk" */,
				C3A44D642EE0A00000B23705 /* XCRemoteSwiftPackageReference "GoogleSignIn-iOS" */,
				C33DD31A2EFD8FA6003384B1 /* XCRemoteSwiftPackageReference "orbit-swiftui" */,
				C33DD31B2EFD8FDA003384B1 /* XCRemoteSwiftPackageReference "Nuke" */,
				C33DD31E2EFD9077003384B1 /* XCRemoteSwiftPackageReference "lottie-ios" */,
				C33DD3212EFD90BD003384B1 /* XCRemoteSwiftPackageReference "SwiftUIX" */,
				C7B11D0A2F2E9C5F00B12345 /* XCRemoteSwiftPackageReference "line-sdk-ios-swift" */,
			);
			preferredProjectObjectVersion = 77;
			productRefGroup = C3A44D162EDC7DA100B23705 /* Products */;
			projectDirPath = "";
			projectRoot = "";
			targets = (
				C3A44D142EDC7DA100B23705 /* ClassnoteX */,
				09771A209CE7B45DDB9A313C /* DeepNoteShareExtension */,
				C3A44DA62EE0C05000B23705 /* ClassnoteXUITests */,
			);
		};
/* End PBXProject section */

/* Begin PBXResourcesBuildPhase section */
		0189BE72132E92EDC559DDE7 /* Resources */ = {
			isa = PBXResourcesBuildPhase;
			buildActionMask = 2147483647;
			files = (
			);
			runOnlyForDeploymentPostprocessing = 0;
		};
		C3A44D132EDC7DA100B23705 /* Resources */ = {
			isa = PBXResourcesBuildPhase;
			buildActionMask = 2147483647;
			files = (
			);
			runOnlyForDeploymentPostprocessing = 0;
		};
/* End PBXResourcesBuildPhase section */

/* Begin PBXSourcesBuildPhase section */
		C3A44D112EDC7DA100B23705 /* Sources */ = {
			isa = PBXSourcesBuildPhase;
			buildActionMask = 2147483647;
			files = (
			);
			runOnlyForDeploymentPostprocessing = 0;
		};
		C3A44DA82EE0C05000B23705 /* Sources */ = {
			isa = PBXSourcesBuildPhase;
			buildActionMask = 2147483647;
			files = (
				C3A44DA22EE0C05000B23705 /* ClassnoteXUITests.swift in Sources */,
			);
			runOnlyForDeploymentPostprocessing = 0;
		};
		CA66294E1363F8AD0F83BDD5 /* Sources */ = {
			isa = PBXSourcesBuildPhase;
			buildActionMask = 2147483647;
			files = (
				6F372D56CCDA2738D8139F1D /* ShareViewController.swift in Sources */,
			);
			runOnlyForDeploymentPostprocessing = 0;
		};
/* End PBXSourcesBuildPhase section */

/* Begin PBXTargetDependency section */
		C3A44DAA2EE0C05000B23705 /* PBXTargetDependency */ = {
			isa = PBXTargetDependency;
			target = C3A44D142EDC7DA100B23705 /* ClassnoteX */;
			targetProxy = C3A44DA92EE0C05000B23705 /* PBXContainerItemProxy */;
		};
/* End PBXTargetDependency section */

/* Begin XCBuildConfiguration section */
		1D74001E38A31725DB990C9C /* Release */ = {
			isa = XCBuildConfiguration;
			buildSettings = {
				APPLICATION_EXTENSION_API_ONLY = YES;
				CODE_SIGN_ENTITLEMENTS = DeepNoteShareExtension/DeepNoteShareExtension.entitlements;
				CODE_SIGN_STYLE = Automatic;
				CURRENT_PROJECT_VERSION = 2;
				DEVELOPMENT_TEAM = 6RR7572ZLU;
				GENERATE_INFOPLIST_FILE = NO;
				INFOPLIST_FILE = DeepNoteShareExtension/Info.plist;
				INFOPLIST_KEY_CFBundleDisplayName = "DeepNote Share";
				LD_RUNPATH_SEARCH_PATHS = (
					"$(inherited)",
					"@executable_path/Frameworks",
					"@executable_path/../../Frameworks",
				);
				MARKETING_VERSION = 1.2.10;
				PRODUCT_BUNDLE_IDENTIFIER = jp.horioshuhei.deepnote.shareextension;
				PRODUCT_NAME = "$(TARGET_NAME)";
				SKIP_INSTALL = YES;
				SWIFT_EMIT_LOC_STRINGS = YES;
				SWIFT_VERSION = 5.0;
				TARGETED_DEVICE_FAMILY = "1,2";
			};
			name = Release;
		};
		3741E91553ACE6F5A03CAAF0 /* Debug */ = {
			isa = XCBuildConfiguration;
			buildSettings = {
				APPLICATION_EXTENSION_API_ONLY = YES;
				CODE_SIGN_ENTITLEMENTS = DeepNoteShareExtension/DeepNoteShareExtension.entitlements;
				CODE_SIGN_STYLE = Automatic;
				CURRENT_PROJECT_VERSION = 2;
				DEVELOPMENT_TEAM = 6RR7572ZLU;
				GENERATE_INFOPLIST_FILE = NO;
				INFOPLIST_FILE = DeepNoteShareExtension/Info.plist;
				INFOPLIST_KEY_CFBundleDisplayName = "DeepNote Share";
				LD_RUNPATH_SEARCH_PATHS = (
					"$(inherited)",
					"@executable_path/Frameworks",
					"@executable_path/../../Frameworks",
				);
				MARKETING_VERSION = 1.2.10;
				PRODUCT_BUNDLE_IDENTIFIER = jp.horioshuhei.deepnote.shareextension;
				PRODUCT_NAME = "$(TARGET_NAME)";
				SKIP_INSTALL = YES;
				SWIFT_EMIT_LOC_STRINGS = YES;
				SWIFT_VERSION = 5.0;
				TARGETED_DEVICE_FAMILY = "1,2";
			};
			name = Debug;
		};
		C3A44D1E2EDC7DA200B23705 /* Debug */ = {
			isa = XCBuildConfiguration;
			buildSettings = {
				ALWAYS_SEARCH_USER_PATHS = NO;
				ASSETCATALOG_COMPILER_GENERATE_SWIFT_ASSET_SYMBOL_EXTENSIONS = YES;
				CLANG_ANALYZER_NONNULL = YES;
				CLANG_ANALYZER_NUMBER_OBJECT_CONVERSION = YES_AGGRESSIVE;
				CLANG_CXX_LANGUAGE_STANDARD = "gnu++20";
				CLANG_ENABLE_MODULES = YES;
				CLANG_ENABLE_OBJC_ARC = YES;
				CLANG_ENABLE_OBJC_WEAK = YES;
				CLANG_WARN_BLOCK_CAPTURE_AUTORELEASING = YES;
				CLANG_WARN_BOOL_CONVERSION = YES;
				CLANG_WARN_COMMA = YES;
				CLANG_WARN_CONSTANT_CONVERSION = YES;
				CLANG_WARN_DEPRECATED_OBJC_IMPLEMENTATIONS = YES;
				CLANG_WARN_DIRECT_OBJC_ISA_USAGE = YES_ERROR;
				CLANG_WARN_DOCUMENTATION_COMMENTS = YES;
				CLANG_WARN_EMPTY_BODY = YES;
				CLANG_WARN_ENUM_CONVERSION = YES;
				CLANG_WARN_INFINITE_RECURSION = YES;
				CLANG_WARN_INT_CONVERSION = YES;
				CLANG_WARN_NON_LITERAL_NULL_CONVERSION = YES;
				CLANG_WARN_OBJC_IMPLICIT_RETAIN_SELF = YES;
				CLANG_WARN_OBJC_LITERAL_CONVERSION = YES;
				CLANG_WARN_OBJC_ROOT_CLASS = YES_ERROR;
				CLANG_WARN_QUOTED_INCLUDE_IN_FRAMEWORK_HEADER = YES;
				CLANG_WARN_RANGE_LOOP_ANALYSIS = YES;
				CLANG_WARN_STRICT_PROTOTYPES = YES;
				CLANG_WARN_SUSPICIOUS_MOVE = YES;
				CLANG_WARN_UNGUARDED_AVAILABILITY = YES_AGGRESSIVE;
				CLANG_WARN_UNREACHABLE_CODE = YES;
				CLANG_WARN__DUPLICATE_METHOD_MATCH = YES;
				COPY_PHASE_STRIP = NO;
				DEBUG_INFORMATION_FORMAT = dwarf;
				DEVELOPMENT_TEAM = 6RR7572ZLU;
				ENABLE_STRICT_OBJC_MSGSEND = YES;
				ENABLE_TESTABILITY = YES;
				ENABLE_USER_SCRIPT_SANDBOXING = YES;
				GCC_C_LANGUAGE_STANDARD = gnu17;
				GCC_DYNAMIC_NO_PIC = NO;
				GCC_NO_COMMON_BLOCKS = YES;
				GCC_OPTIMIZATION_LEVEL = 0;
				GCC_PREPROCESSOR_DEFINITIONS = (
					"DEBUG=1",
					"$(inherited)",
				);
				GCC_WARN_64_TO_32_BIT_CONVERSION = YES;
				GCC_WARN_ABOUT_RETURN_TYPE = YES_ERROR;
				GCC_WARN_UNDECLARED_SELECTOR = YES;
				GCC_WARN_UNINITIALIZED_AUTOS = YES_AGGRESSIVE;
				GCC_WARN_UNUSED_FUNCTION = YES;
				GCC_WARN_UNUSED_VARIABLE = YES;
				IPHONEOS_DEPLOYMENT_TARGET = 26.1;
				LOCALIZATION_PREFERS_STRING_CATALOGS = YES;
				MTL_ENABLE_DEBUG_INFO = INCLUDE_SOURCE;
				MTL_FAST_MATH = YES;
				ONLY_ACTIVE_ARCH = YES;
				SDKROOT = iphoneos;
				SWIFT_ACTIVE_COMPILATION_CONDITIONS = "DEBUG $(inherited)";
				SWIFT_OPTIMIZATION_LEVEL = "-Onone";
			};
			name = Debug;
		};
		C3A44D1F2EDC7DA200B23705 /* Release */ = {
			isa = XCBuildConfiguration;
			buildSettings = {
				ALWAYS_SEARCH_USER_PATHS = NO;
				ASSETCATALOG_COMPILER_GENERATE_SWIFT_ASSET_SYMBOL_EXTENSIONS = YES;
				CLANG_ANALYZER_NONNULL = YES;
				CLANG_ANALYZER_NUMBER_OBJECT_CONVERSION = YES_AGGRESSIVE;
				CLANG_CXX_LANGUAGE_STANDARD = "gnu++20";
				CLANG_ENABLE_MODULES = YES;
				CLANG_ENABLE_OBJC_ARC = YES;
				CLANG_ENABLE_OBJC_WEAK = YES;
				CLANG_WARN_BLOCK_CAPTURE_AUTORELEASING = YES;
				CLANG_WARN_BOOL_CONVERSION = YES;
				CLANG_WARN_COMMA = YES;
				CLANG_WARN_CONSTANT_CONVERSION = YES;
				CLANG_WARN_DEPRECATED_OBJC_IMPLEMENTATIONS = YES;
				CLANG_WARN_DIRECT_OBJC_ISA_USAGE = YES_ERROR;
				CLANG_WARN_DOCUMENTATION_COMMENTS = YES;
				CLANG_WARN_EMPTY_BODY = YES;
				CLANG_WARN_ENUM_CONVERSION = YES;
				CLANG_WARN_INFINITE_RECURSION = YES;
				CLANG_WARN_INT_CONVERSION = YES;
				CLANG_WARN_NON_LITERAL_NULL_CONVERSION = YES;
				CLANG_WARN_OBJC_IMPLICIT_RETAIN_SELF = YES;
				CLANG_WARN_OBJC_LITERAL_CONVERSION = YES;
				CLANG_WARN_OBJC_ROOT_CLASS = YES_ERROR;
				CLANG_WARN_QUOTED_INCLUDE_IN_FRAMEWORK_HEADER = YES;
				CLANG_WARN_RANGE_LOOP_ANALYSIS = YES;
				CLANG_WARN_STRICT_PROTOTYPES = YES;
				CLANG_WARN_SUSPICIOUS_MOVE = YES;
				CLANG_WARN_UNGUARDED_AVAILABILITY = YES_AGGRESSIVE;
				CLANG_WARN_UNREACHABLE_CODE = YES;
				CLANG_WARN__DUPLICATE_METHOD_MATCH = YES;
				COPY_PHASE_STRIP = NO;
				DEBUG_INFORMATION_FORMAT = "dwarf-with-dsym";
				DEVELOPMENT_TEAM = 6RR7572ZLU;
				ENABLE_NS_ASSERTIONS = NO;
				ENABLE_STRICT_OBJC_MSGSEND = YES;
				ENABLE_USER_SCRIPT_SANDBOXING = YES;
				GCC_C_LANGUAGE_STANDARD = gnu17;
				GCC_NO_COMMON_BLOCKS = YES;
				GCC_WARN_64_TO_32_BIT_CONVERSION = YES;
				GCC_WARN_ABOUT_RETURN_TYPE = YES_ERROR;
				GCC_WARN_UNDECLARED_SELECTOR = YES;
				GCC_WARN_UNINITIALIZED_AUTOS = YES_AGGRESSIVE;
				GCC_WARN_UNUSED_FUNCTION = YES;
				GCC_WARN_UNUSED_VARIABLE = YES;
				IPHONEOS_DEPLOYMENT_TARGET = 26.1;
				LOCALIZATION_PREFERS_STRING_CATALOGS = YES;
				MTL_ENABLE_DEBUG_INFO = NO;
				MTL_FAST_MATH = YES;
				SDKROOT = iphoneos;
				SWIFT_COMPILATION_MODE = wholemodule;
				VALIDATE_PRODUCT = YES;
			};
			name = Release;
		};
		C3A44D212EDC7DA200B23705 /* Debug */ = {
			isa = XCBuildConfiguration;
			buildSettings = {
				ASSETCATALOG_COMPILER_APPICON_NAME = AppIcon;
				ASSETCATALOG_COMPILER_GLOBAL_ACCENT_COLOR_NAME = AccentColor;
				CODE_SIGN_ENTITLEMENTS = ClassnoteX/ClassnoteX.entitlements;
				CODE_SIGN_STYLE = Automatic;
				CURRENT_PROJECT_VERSION = 2;
				DEVELOPMENT_TEAM = 6RR7572ZLU;
				ENABLE_PREVIEWS = YES;
				GENERATE_INFOPLIST_FILE = YES;
				HEADER_SEARCH_PATHS = "$(inherited)";
				INFOPLIST_FILE = ClassnoteX/Info.plist;
				INFOPLIST_KEY_CFBundleDisplayName = DeepNote;
				INFOPLIST_KEY_LSApplicationCategoryType = "public.app-category.education";
				INFOPLIST_KEY_NSCameraUsageDescription = "写真を撮影してセッションに追加するためにカメラを使用します。";
				INFOPLIST_KEY_NSMicrophoneUsageDescription = "講義や会議を録音するためにマイクを使用します。";
				INFOPLIST_KEY_NSPhotoLibraryUsageDescription = "写真を選択してセッションに追加するためにフォトライブラリにアクセスします。";
				INFOPLIST_KEY_NSSpeechRecognitionUsageDescription = "録音中のライブ文字起こしに音声認識を使用します。";
				INFOPLIST_KEY_UIApplicationSceneManifest_Generation = YES;
				INFOPLIST_KEY_UIApplicationSupportsIndirectInputEvents = YES;
				INFOPLIST_KEY_UILaunchScreen_Generation = YES;
				INFOPLIST_KEY_UISupportedInterfaceOrientations_iPad = "UIInterfaceOrientationPortrait UIInterfaceOrientationPortraitUpsideDown UIInterfaceOrientationLandscapeLeft UIInterfaceOrientationLandscapeRight";
				INFOPLIST_KEY_UISupportedInterfaceOrientations_iPhone = "UIInterfaceOrientationPortrait UIInterfaceOrientationLandscapeLeft UIInterfaceOrientationLandscapeRight";
				LD_RUNPATH_SEARCH_PATHS = (
					"$(inherited)",
					"@executable_path/Frameworks",
				);
				MARKETING_VERSION = 1.2.10;
				PRODUCT_BUNDLE_IDENTIFIER = jp.horioshuhei.deepnote;
				PRODUCT_NAME = "$(TARGET_NAME)";
				STRING_CATALOG_GENERATE_SYMBOLS = YES;
				SWIFT_APPROACHABLE_CONCURRENCY = YES;
				SWIFT_EMIT_LOC_STRINGS = YES;
				SWIFT_OBJC_BRIDGING_HEADER = "ClassnoteX/ClassnoteX-Bridging-Header.h";
				SWIFT_UPCOMING_FEATURE_MEMBER_IMPORT_VISIBILITY = YES;
				SWIFT_VERSION = 5.0;
				TARGETED_DEVICE_FAMILY = "1,2";
			};
			name = Debug;
		};
		C3A44D222EDC7DA200B23705 /* Release */ = {
			isa = XCBuildConfiguration;
			buildSettings = {
				ASSETCATALOG_COMPILER_APPICON_NAME = AppIcon;
				ASSETCATALOG_COMPILER_GLOBAL_ACCENT_COLOR_NAME = AccentColor;
				CODE_SIGN_ENTITLEMENTS = ClassnoteX/ClassnoteX.entitlements;
				CODE_SIGN_STYLE = Automatic;
				CURRENT_PROJECT_VERSION = 2;
				DEVELOPMENT_TEAM = 6RR7572ZLU;
				ENABLE_PREVIEWS = YES;
				GENERATE_INFOPLIST_FILE = YES;
				HEADER_SEARCH_PATHS = "$(inherited)";
				INFOPLIST_FILE = ClassnoteX/Info.plist;
				INFOPLIST_KEY_CFBundleDisplayName = DeepNote;
				INFOPLIST_KEY_LSApplicationCategoryType = "public.app-category.education";
				INFOPLIST_KEY_NSCameraUsageDescription = "写真を撮影してセッションに追加するためにカメラを使用します。";
				INFOPLIST_KEY_NSMicrophoneUsageDescription = "講義や会議を録音するためにマイクを使用します。";
				INFOPLIST_KEY_NSPhotoLibraryUsageDescription = "写真を選択してセッションに追加するためにフォトライブラリにアクセスします。";
				INFOPLIST_KEY_NSSpeechRecognitionUsageDescription = "録音中のライブ文字起こしに音声認識を使用します。";
				INFOPLIST_KEY_UIApplicationSceneManifest_Generation = YES;
				INFOPLIST_KEY_UIApplicationSupportsIndirectInputEvents = YES;
				INFOPLIST_KEY_UILaunchScreen_Generation = YES;
				INFOPLIST_KEY_UISupportedInterfaceOrientations_iPad = "UIInterfaceOrientationPortrait UIInterfaceOrientationPortraitUpsideDown UIInterfaceOrientationLandscapeLeft UIInterfaceOrientationLandscapeRight";
				INFOPLIST_KEY_UISupportedInterfaceOrientations_iPhone = "UIInterfaceOrientationPortrait UIInterfaceOrientationLandscapeLeft UIInterfaceOrientationLandscapeRight";
				LD_RUNPATH_SEARCH_PATHS = (
					"$(inherited)",
					"@executable_path/Frameworks",
				);
				MARKETING_VERSION = 1.2.10;
				PRODUCT_BUNDLE_IDENTIFIER = jp.horioshuhei.deepnote;
				PRODUCT_NAME = "$(TARGET_NAME)";
				STRING_CATALOG_GENERATE_SYMBOLS = YES;
				SWIFT_APPROACHABLE_CONCURRENCY = YES;
				SWIFT_EMIT_LOC_STRINGS = YES;
				SWIFT_OBJC_BRIDGING_HEADER = "ClassnoteX/ClassnoteX-Bridging-Header.h";
				SWIFT_UPCOMING_FEATURE_MEMBER_IMPORT_VISIBILITY = YES;
				SWIFT_VERSION = 5.0;
				TARGETED_DEVICE_FAMILY = "1,2";
			};
			name = Release;
		};
		C3A44DAD2EE0C05000B23705 /* Debug */ = {
			isa = XCBuildConfiguration;
			buildSettings = {
				ALWAYS_SEARCH_USER_PATHS = NO;
				CLANG_ANALYZER_NONNULL = YES;
				CLANG_ANALYZER_NUMBER_OBJECT_CONVERSION = YES_AGGRESSIVE;
				CLANG_CXX_LANGUAGE_STANDARD = "gnu++20";
				CLANG_ENABLE_MODULES = YES;
				CLANG_ENABLE_OBJC_ARC = YES;
				CLANG_WARN_BLOCK_CAPTURE_AUTORELEASING = YES;
				CLANG_WARN_BOOL_CONVERSION = YES;
				CLANG_WARN_COMMA = YES;
				CLANG_WARN_CONSTANT_CONVERSION = YES;
				CLANG_WARN_DEPRECATED_OBJC_IMPLEMENTATIONS = YES;
				CLANG_WARN_DIRECT_OBJC_ISA_USAGE = YES_ERROR;
				CLANG_WARN_DOCUMENTATION_COMMENTS = YES;
				CLANG_WARN_EMPTY_BODY = YES;
				CLANG_WARN_ENUM_CONVERSION = YES;
				CLANG_WARN_INFINITE_RECURSION = YES;
				CLANG_WARN_INT_CONVERSION = YES;
				CLANG_WARN_NON_LITERAL_NULL_CONVERSION = YES;
				CLANG_WARN_OBJC_IMPLICIT_RETAIN_SELF = YES;
				CLANG_WARN_OBJC_LITERAL_CONVERSION = YES;
				CLANG_WARN_OBJC_ROOT_CLASS = YES_ERROR;
				CLANG_WARN_QUOTED_INCLUDE_IN_FRAMEWORK_HEADER = YES;
				CLANG_WARN_RANGE_LOOP_ANALYSIS = YES;
				CLANG_WARN_STRICT_PROTOTYPES = YES;
				CLANG_WARN_SUSPICIOUS_MOVE = YES;
				CLANG_WARN_UNGUARDED_AVAILABILITY = YES_AGGRESSIVE;
				CLANG_WARN_UNREACHABLE_CODE = YES;
				CLANG_WARN__DUPLICATE_METHOD_MATCH = YES;
				CODE_SIGN_STYLE = Automatic;
				CURRENT_PROJECT_VERSION = 1;
				DEVELOPMENT_TEAM = 6RR7572ZLU;
				INFOPLIST_FILE = ClassnoteXUITests/Info.plist;
				IPHONEOS_DEPLOYMENT_TARGET = 26.1;
				LD_RUNPATH_SEARCH_PATHS = (
					"$(inherited)",
					"@executable_path/Frameworks",
					"@loader_path/Frameworks",
				);
				MTL_FAST_MATH = YES;
				PRODUCT_BUNDLE_IDENTIFIER = jp.horioshuhei.classnoteUITests;
				PRODUCT_NAME = "$(TARGET_NAME)";
				SWIFT_VERSION = 5.0;
				TARGETED_DEVICE_FAMILY = "1,2";
				TEST_TARGET_NAME = ClassnoteX;
			};
			name = Debug;
		};
		C3A44DAE2EE0C05000B23705 /* Release */ = {
			isa = XCBuildConfiguration;
			buildSettings = {
				ALWAYS_SEARCH_USER_PATHS = NO;
				CLANG_ANALYZER_NONNULL = YES;
				CLANG_ANALYZER_NUMBER_OBJECT_CONVERSION = YES_AGGRESSIVE;
				CLANG_CXX_LANGUAGE_STANDARD = "gnu++20";
				CLANG_ENABLE_MODULES = YES;
				CLANG_ENABLE_OBJC_ARC = YES;
				CLANG_WARN_BLOCK_CAPTURE_AUTORELEASING = YES;
				CLANG_WARN_BOOL_CONVERSION = YES;
				CLANG_WARN_COMMA = YES;
				CLANG_WARN_CONSTANT_CONVERSION = YES;
				CLANG_WARN_DEPRECATED_OBJC_IMPLEMENTATIONS = YES;
				CLANG_WARN_DIRECT_OBJC_ISA_USAGE = YES_ERROR;
				CLANG_WARN_DOCUMENTATION_COMMENTS = YES;
				CLANG_WARN_EMPTY_BODY = YES;
				CLANG_WARN_ENUM_CONVERSION = YES;
				CLANG_WARN_INFINITE_RECURSION = YES;
				CLANG_WARN_INT_CONVERSION = YES;
				CLANG_WARN_NON_LITERAL_NULL_CONVERSION = YES;
				CLANG_WARN_OBJC_IMPLICIT_RETAIN_SELF = YES;
				CLANG_WARN_OBJC_LITERAL_CONVERSION = YES;
				CLANG_WARN_OBJC_ROOT_CLASS = YES_ERROR;
				CLANG_WARN_QUOTED_INCLUDE_IN_FRAMEWORK_HEADER = YES;
				CLANG_WARN_RANGE_LOOP_ANALYSIS = YES;
				CLANG_WARN_STRICT_PROTOTYPES = YES;
				CLANG_WARN_SUSPICIOUS_MOVE = YES;
				CLANG_WARN_UNGUARDED_AVAILABILITY = YES_AGGRESSIVE;
				CLANG_WARN_UNREACHABLE_CODE = YES;
				CLANG_WARN__DUPLICATE_METHOD_MATCH = YES;
				CODE_SIGN_STYLE = Automatic;
				CURRENT_PROJECT_VERSION = 1;
				DEVELOPMENT_TEAM = 6RR7572ZLU;
				INFOPLIST_FILE = ClassnoteXUITests/Info.plist;
				IPHONEOS_DEPLOYMENT_TARGET = 26.1;
				LD_RUNPATH_SEARCH_PATHS = (
					"$(inherited)",
					"@executable_path/Frameworks",
					"@loader_path/Frameworks",
				);
				MTL_FAST_MATH = YES;
				PRODUCT_BUNDLE_IDENTIFIER = jp.horioshuhei.classnoteUITests;
				PRODUCT_NAME = "$(TARGET_NAME)";
				SWIFT_VERSION = 5.0;
				TARGETED_DEVICE_FAMILY = "1,2";
				TEST_TARGET_NAME = ClassnoteX;
			};
			name = Release;
		};
/* End XCBuildConfiguration section */

/* Begin XCConfigurationList section */
		604788DAAD08AAC1ABBF505C /* Build configuration list for PBXNativeTarget "DeepNoteShareExtension" */ = {
			isa = XCConfigurationList;
			buildConfigurations = (
				3741E91553ACE6F5A03CAAF0 /* Debug */,
				1D74001E38A31725DB990C9C /* Release */,
			);
			defaultConfigurationIsVisible = 0;
			defaultConfigurationName = Release;
		};
		C3A44D102EDC7DA100B23705 /* Build configuration list for PBXProject "ClassnoteX" */ = {
			isa = XCConfigurationList;
			buildConfigurations = (
				C3A44D1E2EDC7DA200B23705 /* Debug */,
				C3A44D1F2EDC7DA200B23705 /* Release */,
			);
			defaultConfigurationIsVisible = 0;
			defaultConfigurationName = Release;
		};
		C3A44D202EDC7DA200B23705 /* Build configuration list for PBXNativeTarget "ClassnoteX" */ = {
			isa = XCConfigurationList;
			buildConfigurations = (
				C3A44D212EDC7DA200B23705 /* Debug */,
				C3A44D222EDC7DA200B23705 /* Release */,
			);
			defaultConfigurationIsVisible = 0;
			defaultConfigurationName = Release;
		};
		C3A44DAC2EE0C05000B23705 /* Build configuration list for PBXNativeTarget "ClassnoteXUITests" */ = {
			isa = XCConfigurationList;
			buildConfigurations = (
				C3A44DAD2EE0C05000B23705 /* Debug */,
				C3A44DAE2EE0C05000B23705 /* Release */,
			);
			defaultConfigurationIsVisible = 0;
			defaultConfigurationName = Release;
		};
/* End XCConfigurationList section */

/* Begin XCRemoteSwiftPackageReference section */
		4876320962546B22D672C0A6 /* XCRemoteSwiftPackageReference "ffmpeg-kit-spm" */ = {
			isa = XCRemoteSwiftPackageReference;
			repositoryURL = "https://github.com/tylerjonesio/ffmpeg-kit-spm";
			requirement = {
				kind = upToNextMajorVersion;
				minimumVersion = 5.1.2;
			};
		};
		C33DD31A2EFD8FA6003384B1 /* XCRemoteSwiftPackageReference "orbit-swiftui" */ = {
			isa = XCRemoteSwiftPackageReference;
			repositoryURL = "https://github.com/kiwicom/orbit-swiftui";
			requirement = {
				kind = upToNextMajorVersion;
				minimumVersion = 0.11.1;
			};
		};
		C33DD31B2EFD8FDA003384B1 /* XCRemoteSwiftPackageReference "Nuke" */ = {
			isa = XCRemoteSwiftPackageReference;
			repositoryURL = "https://github.com/kean/Nuke";
			requirement = {
				kind = upToNextMajorVersion;
				minimumVersion = 12.8.0;
			};
		};
		C33DD31E2EFD9077003384B1 /* XCRemoteSwiftPackageReference "lottie-ios" */ = {
			isa = XCRemoteSwiftPackageReference;
			repositoryURL = "https://github.com/airbnb/lottie-ios";
			requirement = {
				kind = upToNextMajorVersion;
				minimumVersion = 4.5.2;
			};
		};
		C33DD3212EFD90BD003384B1 /* XCRemoteSwiftPackageReference "SwiftUIX" */ = {
			isa = XCRemoteSwiftPackageReference;
			repositoryURL = "https://github.com/SwiftUIX/SwiftUIX";
			requirement = {
				kind = upToNextMajorVersion;
				minimumVersion = 0.2.4;
			};
		};
		C3A44D4D2EDE334800B23705 /* XCRemoteSwiftPackageReference "firebase-ios-sdk" */ = {
			isa = XCRemoteSwiftPackageReference;
			repositoryURL = "https://github.com/firebase/firebase-ios-sdk";
			requirement = {
				kind = upToNextMajorVersion;
				minimumVersion = 12.6.0;
			};
		};
		C3A44D642EE0A00000B23705 /* XCRemoteSwiftPackageReference "GoogleSignIn-iOS" */ = {
			isa = XCRemoteSwiftPackageReference;
			repositoryURL = "https://github.com/google/GoogleSignIn-iOS";
			requirement = {
				kind = upToNextMajorVersion;
				minimumVersion = 7.1.0;
			};
		};
		C7B11D0A2F2E9C5F00B12345 /* XCRemoteSwiftPackageReference "line-sdk-ios-swift" */ = {
			isa = XCRemoteSwiftPackageReference;
			repositoryURL = "https://github.com/line/line-sdk-ios-swift";
			requirement = {
				kind = upToNextMajorVersion;
				minimumVersion = 5.14.0;
			};
		};
/* End XCRemoteSwiftPackageReference section */

/* Begin XCSwiftPackageProductDependency section */
		6066E0213E7FDCF0EE6D83AC /* FFmpeg-Kit */ = {
			isa = XCSwiftPackageProductDependency;
			package = 4876320962546B22D672C0A6 /* XCRemoteSwiftPackageReference "ffmpeg-kit-spm" */;
			productName = "FFmpeg-Kit";
		};
		C33DD31C2EFD8FDA003384B1 /* Nuke */ = {
			isa = XCSwiftPackageProductDependency;
			package = C33DD31B2EFD8FDA003384B1 /* XCRemoteSwiftPackageReference "Nuke" */;
			productName = Nuke;
		};
		C33DD31F2EFD9077003384B1 /* Lottie */ = {
			isa = XCSwiftPackageProductDependency;
			package = C33DD31E2EFD9077003384B1 /* XCRemoteSwiftPackageReference "lottie-ios" */;
			productName = Lottie;
		};
		C33DD3222EFD90BD003384B1 /* SwiftUIX */ = {
			isa = XCSwiftPackageProductDependency;
			package = C33DD3212EFD90BD003384B1 /* XCRemoteSwiftPackageReference "SwiftUIX" */;
			productName = SwiftUIX;
		};
		C33DD3242EFD90C0003384B1 /* Orbit */ = {
			isa = XCSwiftPackageProductDependency;
			package = C33DD31A2EFD8FA6003384B1 /* XCRemoteSwiftPackageReference "orbit-swiftui" */;
			productName = Orbit;
		};
		C33DD3262EFD90C2003384B1 /* NukeUI */ = {
			isa = XCSwiftPackageProductDependency;
			package = C33DD31B2EFD8FDA003384B1 /* XCRemoteSwiftPackageReference "Nuke" */;
			productName = NukeUI;
		};
		C3A44D4E2EDE334800B23705 /* FirebaseAuth */ = {
			isa = XCSwiftPackageProductDependency;
			package = C3A44D4D2EDE334800B23705 /* XCRemoteSwiftPackageReference "firebase-ios-sdk" */;
			productName = FirebaseAuth;
		};
		C3A44D502EDE334800B23705 /* FirebaseCore */ = {
			isa = XCSwiftPackageProductDependency;
			package = C3A44D4D2EDE334800B23705 /* XCRemoteSwiftPackageReference "firebase-ios-sdk" */;
			productName = FirebaseCore;
		};
		C3A44D522EDE334800B23705 /* FirebaseFirestore */ = {
			isa = XCSwiftPackageProductDependency;
			package = C3A44D4D2EDE334800B23705 /* XCRemoteSwiftPackageReference "firebase-ios-sdk" */;
			productName = FirebaseFirestore;
		};
		C3A44D622EE0A00000B23705 /* GoogleSignIn */ = {
			isa = XCSwiftPackageProductDependency;
			package = C3A44D642EE0A00000B23705 /* XCRemoteSwiftPackageReference "GoogleSignIn-iOS" */;
			productName = GoogleSignIn;
		};
		C3A44D632EE0A00000B23705 /* GoogleSignInSwift */ = {
			isa = XCSwiftPackageProductDependency;
			package = C3A44D642EE0A00000B23705 /* XCRemoteSwiftPackageReference "GoogleSignIn-iOS" */;
			productName = GoogleSignInSwift;
		};
		C7B11D0B2F2E9C5F00B12345 /* LineSDK */ = {
			isa = XCSwiftPackageProductDependency;
			package = C7B11D0A2F2E9C5F00B12345 /* XCRemoteSwiftPackageReference "line-sdk-ios-swift" */;
			productName = LineSDK;
		};
/* End XCSwiftPackageProductDependency section */
	};
	rootObject = C3A44D0D2EDC7DA100B23705 /* Project object */;
}
